
Microsoft Visual Studio Solution File, Format Version 12.00
# Visual Studio 2012
Project("{9092AA53-FB77-4645-B42D-1CCCA6BD08BD}") = "nb-obd", "nb-obd\nb-obd.njsproj", "{630CB0D0-21AE-4FF3-9493-882B299051F0}"
EndProject
Global
	GlobalSection(SolutionConfigurationPlatforms) = preSolution
		Debug|Any CPU = Debug|Any CPU
		Release|Any CPU = Release|Any CPU
	EndGlobalSection
	GlobalSection(ProjectConfigurationPlatforms) = postSolution
		{630CB0D0-21AE-4FF3-9493-882B299051F0}.Debug|Any CPU.ActiveCfg = Debug|Any CPU
		{630CB0D0-21AE-4FF3-9493-882B299051F0}.Debug|Any CPU.Build.0 = Debug|Any CPU
		{630CB0D0-21AE-4FF3-9493-882B299051F0}.Release|Any CPU.ActiveCfg = Release|Any CPU
		{630CB0D0-21AE-4FF3-9493-882B299051F0}.Release|Any CPU.Build.0 = Release|Any CPU
	EndGlobalSection
	GlobalSection(SolutionProperties) = preSolution
		HideSolutionNode = FALSE
	EndGlobalSection
EndGlobal
